// !$*UTF8*$!
{
	archiveVersion = 1;
	classes = {
	};
	objectVersion = 46;
	objects = {

/* Begin PBXBuildFile section */
		04E2FA416B0ECE82452BEA20 /* Pods_BasedVexUITests.framework in Frameworks */ = {isa = PBXBuildFile; fileRef = A70F7A4D201435571AFC9130 /* Pods_BasedVexUITests.framework */; };
		25AA198D30E3BC63663E9FD1 /* Pods_BasedVex.framework in Frameworks */ = {isa = PBXBuildFile; fileRef = 35491C352887AC5355547306 /* Pods_BasedVex.framework */; };
		F5589D4037826D998D636FA9 /* Pods_BasedVexTests.framework in Frameworks */ = {isa = PBXBuildFile; fileRef = BFE9C3E408B398F8521E696F /* Pods_BasedVexTests.framework */; };
		F9E70E081E997B8900DAE6B4 /* AppDelegate.swift in Sources */ = {isa = PBXBuildFile; fileRef = F9E70E071E997B8900DAE6B4 /* AppDelegate.swift */; };
		F9E70E0A1E997B8900DAE6B4 /* ViewController.swift in Sources */ = {isa = PBXBuildFile; fileRef = F9E70E091E997B8900DAE6B4 /* ViewController.swift */; };
		F9E70E0D1E997B8900DAE6B4 /* Main.storyboard in Resources */ = {isa = PBXBuildFile; fileRef = F9E70E0B1E997B8900DAE6B4 /* Main.storyboard */; };
		F9E70E0F1E997B8900DAE6B4 /* Assets.xcassets in Resources */ = {isa = PBXBuildFile; fileRef = F9E70E0E1E997B8900DAE6B4 /* Assets.xcassets */; };
		F9E70E121E997B8900DAE6B4 /* LaunchScreen.storyboard in Resources */ = {isa = PBXBuildFile; fileRef = F9E70E101E997B8900DAE6B4 /* LaunchScreen.storyboard */; };
		F9E70E1D1E997B8900DAE6B4 /* BasedVexTests.swift in Sources */ = {isa = PBXBuildFile; fileRef = F9E70E1C1E997B8900DAE6B4 /* BasedVexTests.swift */; };
		F9E70E281E997B8900DAE6B4 /* BasedVexUITests.swift in Sources */ = {isa = PBXBuildFile; fileRef = F9E70E271E997B8900DAE6B4 /* BasedVexUITests.swift */; };
/* End PBXBuildFile section */

/* Begin PBXContainerItemProxy section */
		F9E70E191E997B8900DAE6B4 /* PBXContainerItemProxy */ = {
			isa = PBXContainerItemProxy;
			containerPortal = F9E70DFC1E997B8800DAE6B4 /* Project object */;
			proxyType = 1;
			remoteGlobalIDString = F9E70E031E997B8800DAE6B4;
			remoteInfo = BasedVex;
		};
		F9E70E241E997B8900DAE6B4 /* PBXContainerItemProxy */ = {
			isa = PBXContainerItemProxy;
			containerPortal = F9E70DFC1E997B8800DAE6B4 /* Project object */;
			proxyType = 1;
			remoteGlobalIDString = F9E70E031E997B8800DAE6B4;
			remoteInfo = BasedVex;
		};
/* End PBXContainerItemProxy section */

/* Begin PBXFileReference section */
		132FF802D6446A459BFAF1B8 /* Pods-BasedVex.release.xcconfig */ = {isa = PBXFileReference; includeInIndex = 1; lastKnownFileType = text.xcconfig; name = "Pods-BasedVex.release.xcconfig"; path = "Pods/Target Support Files/Pods-BasedVex/Pods-BasedVex.release.xcconfig"; sourceTree = "<group>"; };
		2C5C29945989C65EAEF67E05 /* Pods-BasedVexTests.debug.xcconfig */ = {isa = PBXFileReference; includeInIndex = 1; lastKnownFileType = text.xcconfig; name = "Pods-BasedVexTests.debug.xcconfig"; path = "Pods/Target Support Files/Pods-BasedVexTests/Pods-BasedVexTests.debug.xcconfig"; sourceTree = "<group>"; };
		324DEA0746E275D3A6945EBF /* Pods-BasedVex.debug.xcconfig */ = {isa = PBXFileReference; includeInIndex = 1; lastKnownFileType = text.xcconfig; name = "Pods-BasedVex.debug.xcconfig"; path = "Pods/Target Support Files/Pods-BasedVex/Pods-BasedVex.debug.xcconfig"; sourceTree = "<group>"; };
		35491C352887AC5355547306 /* Pods_BasedVex.framework */ = {isa = PBXFileReference; explicitFileType = wrapper.framework; includeInIndex = 0; path = Pods_BasedVex.framework; sourceTree = BUILT_PRODUCTS_DIR; };
		70F2B9923A501091898A1959 /* Pods-BasedVexUITests.debug.xcconfig */ = {isa = PBXFileReference; includeInIndex = 1; lastKnownFileType = text.xcconfig; name = "Pods-BasedVexUITests.debug.xcconfig"; path = "Pods/Target Support Files/Pods-BasedVexUITests/Pods-BasedVexUITests.debug.xcconfig"; sourceTree = "<group>"; };
		945C68E62DF3BCE9C22E37DF /* Pods-BasedVexTests.release.xcconfig */ = {isa = PBXFileReference; includeInIndex = 1; lastKnownFileType = text.xcconfig; name = "Pods-BasedVexTests.release.xcconfig"; path = "Pods/Target Support Files/Pods-BasedVexTests/Pods-BasedVexTests.release.xcconfig"; sourceTree = "<group>"; };
		A70F7A4D201435571AFC9130 /* Pods_BasedVexUITests.framework */ = {isa = PBXFileReference; explicitFileType = wrapper.framework; includeInIndex = 0; path = Pods_BasedVexUITests.framework; sourceTree = BUILT_PRODUCTS_DIR; };
		BFE9C3E408B398F8521E696F /* Pods_BasedVexTests.framework */ = {isa = PBXFileReference; explicitFileType = wrapper.framework; includeInIndex = 0; path = Pods_BasedVexTests.framework; sourceTree = BUILT_PRODUCTS_DIR; };
		E653B328CA2B7FFA9279D6B3 /* Pods-BasedVexUITests.release.xcconfig */ = {isa = PBXFileReference; includeInIndex = 1; lastKnownFileType = text.xcconfig; name = "Pods-BasedVexUITests.release.xcconfig"; path = "Pods/Target Support Files/Pods-BasedVexUITests/Pods-BasedVexUITests.release.xcconfig"; sourceTree = "<group>"; };
		F9E70E041E997B8900DAE6B4 /* BasedVex.app */ = {isa = PBXFileReference; explicitFileType = wrapper.application; includeInIndex = 0; path = BasedVex.app; sourceTree = BUILT_PRODUCTS_DIR; };
		F9E70E071E997B8900DAE6B4 /* AppDelegate.swift */ = {isa = PBXFileReference; lastKnownFileType = sourcecode.swift; path = AppDelegate.swift; sourceTree = "<group>"; };
		F9E70E091E997B8900DAE6B4 /* ViewController.swift */ = {isa = PBXFileReference; lastKnownFileType = sourcecode.swift; path = ViewController.swift; sourceTree = "<group>"; };
		F9E70E0C1E997B8900DAE6B4 /* Base */ = {isa = PBXFileReference; lastKnownFileType = file.storyboard; name = Base; path = Base.lproj/Main.storyboard; sourceTree = "<group>"; };
		F9E70E0E1E997B8900DAE6B4 /* Assets.xcassets */ = {isa = PBXFileReference; lastKnownFileType = folder.assetcatalog; path = Assets.xcassets; sourceTree = "<group>"; };
		F9E70E111E997B8900DAE6B4 /* Base */ = {isa = PBXFileReference; lastKnownFileType = file.storyboard; name = Base; path = Base.lproj/LaunchScreen.storyboard; sourceTree = "<group>"; };
		F9E70E131E997B8900DAE6B4 /* Info.plist */ = {isa = PBXFileReference; lastKnownFileType = text.plist.xml; path = Info.plist; sourceTree = "<group>"; };
		F9E70E181E997B8900DAE6B4 /* BasedVexTests.xctest */ = {isa = PBXFileReference; explicitFileType = wrapper.cfbundle; includeInIndex = 0; path = BasedVexTests.xctest; sourceTree = BUILT_PRODUCTS_DIR; };
		F9E70E1C1E997B8900DAE6B4 /* BasedVexTests.swift */ = {isa = PBXFileReference; lastKnownFileType = sourcecode.swift; path = BasedVexTests.swift; sourceTree = "<group>"; };
		F9E70E1E1E997B8900DAE6B4 /* Info.plist */ = {isa = PBXFileReference; lastKnownFileType = text.plist.xml; path = Info.plist; sourceTree = "<group>"; };
		F9E70E231E997B8900DAE6B4 /* BasedVexUITests.xctest */ = {isa = PBXFileReference; explicitFileType = wrapper.cfbundle; includeInIndex = 0; path = BasedVexUITests.xctest; sourceTree = BUILT_PRODUCTS_DIR; };
		F9E70E271E997B8900DAE6B4 /* BasedVexUITests.swift */ = {isa = PBXFileReference; lastKnownFileType = sourcecode.swift; path = BasedVexUITests.swift; sourceTree = "<group>"; };
		F9E70E291E997B8900DAE6B4 /* Info.plist */ = {isa = PBXFileReference; lastKnownFileType = text.plist.xml; path = Info.plist; sourceTree = "<group>"; };
/* End PBXFileReference section */

/* Begin PBXFrameworksBuildPhase section */
		F9E70E011E997B8800DAE6B4 /* Frameworks */ = {
			isa = PBXFrameworksBuildPhase;
			buildActionMask = 2147483647;
			files = (
				25AA198D30E3BC63663E9FD1 /* Pods_BasedVex.framework in Frameworks */,
			);
			runOnlyForDeploymentPostprocessing = 0;
		};
		F9E70E151E997B8900DAE6B4 /* Frameworks */ = {
			isa = PBXFrameworksBuildPhase;
			buildActionMask = 2147483647;
			files = (
				F5589D4037826D998D636FA9 /* Pods_BasedVexTests.framework in Frameworks */,
			);
			runOnlyForDeploymentPostprocessing = 0;
		};
		F9E70E201E997B8900DAE6B4 /* Frameworks */ = {
			isa = PBXFrameworksBuildPhase;
			buildActionMask = 2147483647;
			files = (
				04E2FA416B0ECE82452BEA20 /* Pods_BasedVexUITests.framework in Frameworks */,
			);
			runOnlyForDeploymentPostprocessing = 0;
		};
/* End PBXFrameworksBuildPhase section */

/* Begin PBXGroup section */
		88AF1739C6464D24C30EE19A /* Frameworks */ = {
			isa = PBXGroup;
			children = (
				35491C352887AC5355547306 /* Pods_BasedVex.framework */,
				BFE9C3E408B398F8521E696F /* Pods_BasedVexTests.framework */,
				A70F7A4D201435571AFC9130 /* Pods_BasedVexUITests.framework */,
			);
			name = Frameworks;
			sourceTree = "<group>";
		};
		D432EE345DEF47A2023B70C2 /* Pods */ = {
			isa = PBXGroup;
			children = (
				324DEA0746E275D3A6945EBF /* Pods-BasedVex.debug.xcconfig */,
				132FF802D6446A459BFAF1B8 /* Pods-BasedVex.release.xcconfig */,
				2C5C29945989C65EAEF67E05 /* Pods-BasedVexTests.debug.xcconfig */,
				945C68E62DF3BCE9C22E37DF /* Pods-BasedVexTests.release.xcconfig */,
				70F2B9923A501091898A1959 /* Pods-BasedVexUITests.debug.xcconfig */,
				E653B328CA2B7FFA9279D6B3 /* Pods-BasedVexUITests.release.xcconfig */,
			);
			name = Pods;
			sourceTree = "<group>";
		};
		F9E70DFB1E997B8800DAE6B4 = {
			isa = PBXGroup;
			children = (
				F9E70E061E997B8900DAE6B4 /* BasedVex */,
				F9E70E1B1E997B8900DAE6B4 /* BasedVexTests */,
				F9E70E261E997B8900DAE6B4 /* BasedVexUITests */,
				F9E70E051E997B8900DAE6B4 /* Products */,
				D432EE345DEF47A2023B70C2 /* Pods */,
				88AF1739C6464D24C30EE19A /* Frameworks */,
			);
			sourceTree = "<group>";
		};
		F9E70E051E997B8900DAE6B4 /* Products */ = {
			isa = PBXGroup;
			children = (
				F9E70E041E997B8900DAE6B4 /* BasedVex.app */,
				F9E70E181E997B8900DAE6B4 /* BasedVexTests.xctest */,
				F9E70E231E997B8900DAE6B4 /* BasedVexUITests.xctest */,
			);
			name = Products;
			sourceTree = "<group>";
		};
		F9E70E061E997B8900DAE6B4 /* BasedVex */ = {
			isa = PBXGroup;
			children = (
				F9E70E071E997B8900DAE6B4 /* AppDelegate.swift */,
				F9E70E091E997B8900DAE6B4 /* ViewController.swift */,
				F9E70E0B1E997B8900DAE6B4 /* Main.storyboard */,
				F9E70E0E1E997B8900DAE6B4 /* Assets.xcassets */,
				F9E70E101E997B8900DAE6B4 /* LaunchScreen.storyboard */,
				F9E70E131E997B8900DAE6B4 /* Info.plist */,
			);
			path = BasedVex;
			sourceTree = "<group>";
		};
		F9E70E1B1E997B8900DAE6B4 /* BasedVexTests */ = {
			isa = PBXGroup;
			children = (
				F9E70E1C1E997B8900DAE6B4 /* BasedVexTests.swift */,
				F9E70E1E1E997B8900DAE6B4 /* Info.plist */,
			);
			path = BasedVexTests;
			sourceTree = "<group>";
		};
		F9E70E261E997B8900DAE6B4 /* BasedVexUITests */ = {
			isa = PBXGroup;
			children = (
				F9E70E271E997B8900DAE6B4 /* BasedVexUITests.swift */,
				F9E70E291E997B8900DAE6B4 /* Info.plist */,
			);
			path = BasedVexUITests;
			sourceTree = "<group>";
		};
/* End PBXGroup section */

/* Begin PBXNativeTarget section */
		F9E70E031E997B8800DAE6B4 /* BasedVex */ = {
			isa = PBXNativeTarget;
			buildConfigurationList = F9E70E2C1E997B8900DAE6B4 /* Build configuration list for PBXNativeTarget "BasedVex" */;
			buildPhases = (
				956CCC49B4CD127B6ECD1CE1 /* [CP] Check Pods Manifest.lock */,
				F9E70E001E997B8800DAE6B4 /* Sources */,
				F9E70E011E997B8800DAE6B4 /* Frameworks */,
				F9E70E021E997B8800DAE6B4 /* Resources */,
				35E755225698C7140B43C64D /* [CP] Embed Pods Frameworks */,
				EC4E6F4A9BB290A02B22BB75 /* [CP] Copy Pods Resources */,
			);
			buildRules = (
			);
			dependencies = (
			);
			name = BasedVex;
			productName = BasedVex;
			productReference = F9E70E041E997B8900DAE6B4 /* BasedVex.app */;
			productType = "com.apple.product-type.application";
		};
		F9E70E171E997B8900DAE6B4 /* BasedVexTests */ = {
			isa = PBXNativeTarget;
			buildConfigurationList = F9E70E2F1E997B8900DAE6B4 /* Build configuration list for PBXNativeTarget "BasedVexTests" */;
			buildPhases = (
				FA279B421912BF85A7927501 /* [CP] Check Pods Manifest.lock */,
				F9E70E141E997B8900DAE6B4 /* Sources */,
				F9E70E151E997B8900DAE6B4 /* Frameworks */,
				F9E70E161E997B8900DAE6B4 /* Resources */,
				0F43C1DA2FD946E5CC519A77 /* [CP] Embed Pods Frameworks */,
				F08F5D002F2EA8FB0A21B483 /* [CP] Copy Pods Resources */,
			);
			buildRules = (
			);
			dependencies = (
				F9E70E1A1E997B8900DAE6B4 /* PBXTargetDependency */,
			);
			name = BasedVexTests;
			productName = BasedVexTests;
			productReference = F9E70E181E997B8900DAE6B4 /* BasedVexTests.xctest */;
			productType = "com.apple.product-type.bundle.unit-test";
		};
		F9E70E221E997B8900DAE6B4 /* BasedVexUITests */ = {
			isa = PBXNativeTarget;
			buildConfigurationList = F9E70E321E997B8900DAE6B4 /* Build configuration list for PBXNativeTarget "BasedVexUITests" */;
			buildPhases = (
				FAD3A3E12D46F5B7B8AE710C /* [CP] Check Pods Manifest.lock */,
				F9E70E1F1E997B8900DAE6B4 /* Sources */,
				F9E70E201E997B8900DAE6B4 /* Frameworks */,
				F9E70E211E997B8900DAE6B4 /* Resources */,
				98741E9D0DAD7B49A7007188 /* [CP] Embed Pods Frameworks */,
				5D163BA4C2C9394B55B8F2F9 /* [CP] Copy Pods Resources */,
			);
			buildRules = (
			);
			dependencies = (
				F9E70E251E997B8900DAE6B4 /* PBXTargetDependency */,
			);
			name = BasedVexUITests;
			productName = BasedVexUITests;
			productReference = F9E70E231E997B8900DAE6B4 /* BasedVexUITests.xctest */;
			productType = "com.apple.product-type.bundle.ui-testing";
		};
/* End PBXNativeTarget section */

/* Begin PBXProject section */
		F9E70DFC1E997B8800DAE6B4 /* Project object */ = {
			isa = PBXProject;
			attributes = {
				LastSwiftUpdateCheck = 0820;
				LastUpgradeCheck = 0820;
				ORGANIZATIONNAME = BASEHacks;
				TargetAttributes = {
					F9E70E031E997B8800DAE6B4 = {
						CreatedOnToolsVersion = 8.2.1;
						ProvisioningStyle = Automatic;
					};
					F9E70E171E997B8900DAE6B4 = {
						CreatedOnToolsVersion = 8.2.1;
						ProvisioningStyle = Automatic;
						TestTargetID = F9E70E031E997B8800DAE6B4;
					};
					F9E70E221E997B8900DAE6B4 = {
						CreatedOnToolsVersion = 8.2.1;
						ProvisioningStyle = Automatic;
						TestTargetID = F9E70E031E997B8800DAE6B4;
					};
				};
			};
			buildConfigurationList = F9E70DFF1E997B8800DAE6B4 /* Build configuration list for PBXProject "BasedVex" */;
			compatibilityVersion = "Xcode 3.2";
			developmentRegion = English;
			hasScannedForEncodings = 0;
			knownRegions = (
				en,
				Base,
			);
			mainGroup = F9E70DFB1E997B8800DAE6B4;
			productRefGroup = F9E70E051E997B8900DAE6B4 /* Products */;
			projectDirPath = "";
			projectRoot = "";
			targets = (
				F9E70E031E997B8800DAE6B4 /* BasedVex */,
				F9E70E171E997B8900DAE6B4 /* BasedVexTests */,
				F9E70E221E997B8900DAE6B4 /* BasedVexUITests */,
			);
		};
/* End PBXProject section */

/* Begin PBXResourcesBuildPhase section */
		F9E70E021E997B8800DAE6B4 /* Resources */ = {
			isa = PBXResourcesBuildPhase;
			buildActionMask = 2147483647;
			files = (
				F9E70E121E997B8900DAE6B4 /* LaunchScreen.storyboard in Resources */,
				F9E70E0F1E997B8900DAE6B4 /* Assets.xcassets in Resources */,
				F9E70E0D1E997B8900DAE6B4 /* Main.storyboard in Resources */,
			);
			runOnlyForDeploymentPostprocessing = 0;
		};
		F9E70E161E997B8900DAE6B4 /* Resources */ = {
			isa = PBXResourcesBuildPhase;
			buildActionMask = 2147483647;
			files = (
			);
			runOnlyForDeploymentPostprocessing = 0;
		};
		F9E70E211E997B8900DAE6B4 /* Resources */ = {
			isa = PBXResourcesBuildPhase;
			buildActionMask = 2147483647;
			files = (
			);
			runOnlyForDeploymentPostprocessing = 0;
		};
/* End PBXResourcesBuildPhase section */

/* Begin PBXShellScriptBuildPhase section */
		0F43C1DA2FD946E5CC519A77 /* [CP] Embed Pods Frameworks */ = {
			isa = PBXShellScriptBuildPhase;
			buildActionMask = 2147483647;
			files = (
			);
			inputPaths = (
			);
			name = "[CP] Embed Pods Frameworks";
			outputPaths = (
			);
			runOnlyForDeploymentPostprocessing = 0;
			shellPath = /bin/sh;
			shellScript = "\"${SRCROOT}/Pods/Target Support Files/Pods-BasedVexTests/Pods-BasedVexTests-frameworks.sh\"\n";
			showEnvVarsInLog = 0;
		};
		35E755225698C7140B43C64D /* [CP] Embed Pods Frameworks */ = {
			isa = PBXShellScriptBuildPhase;
			buildActionMask = 2147483647;
			files = (
			);
			inputPaths = (
			);
			name = "[CP] Embed Pods Frameworks";
			outputPaths = (
			);
			runOnlyForDeploymentPostprocessing = 0;
			shellPath = /bin/sh;
			shellScript = "\"${SRCROOT}/Pods/Target Support Files/Pods-BasedVex/Pods-BasedVex-frameworks.sh\"\n";
			showEnvVarsInLog = 0;
		};
		5D163BA4C2C9394B55B8F2F9 /* [CP] Copy Pods Resources */ = {
			isa = PBXShellScriptBuildPhase;
			buildActionMask = 2147483647;
			files = (
			);
			inputPaths = (
			);
			name = "[CP] Copy Pods Resources";
			outputPaths = (
			);
			runOnlyForDeploymentPostprocessing = 0;
			shellPath = /bin/sh;
			shellScript = "\"${SRCROOT}/Pods/Target Support Files/Pods-BasedVexUITests/Pods-BasedVexUITests-resources.sh\"\n";
			showEnvVarsInLog = 0;
		};
		956CCC49B4CD127B6ECD1CE1 /* [CP] Check Pods Manifest.lock */ = {
			isa = PBXShellScriptBuildPhase;
			buildActionMask = 2147483647;
			files = (
			);
			inputPaths = (
			);
			name = "[CP] Check Pods Manifest.lock";
			outputPaths = (
			);
			runOnlyForDeploymentPostprocessing = 0;
			shellPath = /bin/sh;
			shellScript = "diff \"${PODS_ROOT}/../Podfile.lock\" \"${PODS_ROOT}/Manifest.lock\" > /dev/null\nif [ $? != 0 ] ; then\n    # print error to STDERR\n    echo \"error: The sandbox is not in sync with the Podfile.lock. Run 'pod install' or update your CocoaPods installation.\" >&2\n    exit 1\nfi\n";
			showEnvVarsInLog = 0;
		};
		98741E9D0DAD7B49A7007188 /* [CP] Embed Pods Frameworks */ = {
			isa = PBXShellScriptBuildPhase;
			buildActionMask = 2147483647;
			files = (
			);
			inputPaths = (
			);
			name = "[CP] Embed Pods Frameworks";
			outputPaths = (
			);
			runOnlyForDeploymentPostprocessing = 0;
			shellPath = /bin/sh;
			shellScript = "\"${SRCROOT}/Pods/Target Support Files/Pods-BasedVexUITests/Pods-BasedVexUITests-frameworks.sh\"\n";
			showEnvVarsInLog = 0;
		};
		EC4E6F4A9BB290A02B22BB75 /* [CP] Copy Pods Resources */ = {
			isa = PBXShellScriptBuildPhase;
			buildActionMask = 2147483647;
			files = (
			);
			inputPaths = (
			);
			name = "[CP] Copy Pods Resources";
			outputPaths = (
			);
			runOnlyForDeploymentPostprocessing = 0;
			shellPath = /bin/sh;
			shellScript = "\"${SRCROOT}/Pods/Target Support Files/Pods-BasedVex/Pods-BasedVex-resources.sh\"\n";
			showEnvVarsInLog = 0;
		};
		F08F5D002F2EA8FB0A21B483 /* [CP] Copy Pods Resources */ = {
			isa = PBXShellScriptBuildPhase;
			buildActionMask = 2147483647;
			files = (
			);
			inputPaths = (
			);
			name = "[CP] Copy Pods Resources";
			outputPaths = (
			);
			runOnlyForDeploymentPostprocessing = 0;
			shellPath = /bin/sh;
			shellScript = "\"${SRCROOT}/Pods/Target Support Files/Pods-BasedVexTests/Pods-BasedVexTests-resources.sh\"\n";
			showEnvVarsInLog = 0;
		};
		FA279B421912BF85A7927501 /* [CP] Check Pods Manifest.lock */ = {
			isa = PBXShellScriptBuildPhase;
			buildActionMask = 2147483647;
			files = (
			);
			inputPaths = (
			);
			name = "[CP] Check Pods Manifest.lock";
			outputPaths = (
			);
			runOnlyForDeploymentPostprocessing = 0;
			shellPath = /bin/sh;
			shellScript = "diff \"${PODS_ROOT}/../Podfile.lock\" \"${PODS_ROOT}/Manifest.lock\" > /dev/null\nif [ $? != 0 ] ; then\n    # print error to STDERR\n    echo \"error: The sandbox is not in sync with the Podfile.lock. Run 'pod install' or update your CocoaPods installation.\" >&2\n    exit 1\nfi\n";
			showEnvVarsInLog = 0;
		};
		FAD3A3E12D46F5B7B8AE710C /* [CP] Check Pods Manifest.lock */ = {
			isa = PBXShellScriptBuildPhase;
			buildActionMask = 2147483647;
			files = (
			);
			inputPaths = (
			);
			name = "[CP] Check Pods Manifest.lock";
			outputPaths = (
			);
			runOnlyForDeploymentPostprocessing = 0;
			shellPath = /bin/sh;
			shellScript = "diff \"${PODS_ROOT}/../Podfile.lock\" \"${PODS_ROOT}/Manifest.lock\" > /dev/null\nif [ $? != 0 ] ; then\n    # print error to STDERR\n    echo \"error: The sandbox is not in sync with the Podfile.lock. Run 'pod install' or update your CocoaPods installation.\" >&2\n    exit 1\nfi\n";
			showEnvVarsInLog = 0;
		};
/* End PBXShellScriptBuildPhase section */

/* Begin PBXSourcesBuildPhase section */
		F9E70E001E997B8800DAE6B4 /* Sources */ = {
			isa = PBXSourcesBuildPhase;
			buildActionMask = 2147483647;
			files = (
				F9E70E0A1E997B8900DAE6B4 /* ViewController.swift in Sources */,
				F9E70E081E997B8900DAE6B4 /* AppDelegate.swift in Sources */,
			);
			runOnlyForDeploymentPostprocessing = 0;
		};
		F9E70E141E997B8900DAE6B4 /* Sources */ = {
			isa = PBXSourcesBuildPhase;
			buildActionMask = 2147483647;
			files = (
				F9E70E1D1E997B8900DAE6B4 /* BasedVexTests.swift in Sources */,
			);
			runOnlyForDeploymentPostprocessing = 0;
		};
		F9E70E1F1E997B8900DAE6B4 /* Sources */ = {
			isa = PBXSourcesBuildPhase;
			buildActionMask = 2147483647;
			files = (
				F9E70E281E997B8900DAE6B4 /* BasedVexUITests.swift in Sources */,
			);
			runOnlyForDeploymentPostprocessing = 0;
		};
/* End PBXSourcesBuildPhase section */

/* Begin PBXTargetDependency section */
		F9E70E1A1E997B8900DAE6B4 /* PBXTargetDependency */ = {
			isa = PBXTargetDependency;
			target = F9E70E031E997B8800DAE6B4 /* BasedVex */;
			targetProxy = F9E70E191E997B8900DAE6B4 /* PBXContainerItemProxy */;
		};
		F9E70E251E997B8900DAE6B4 /* PBXTargetDependency */ = {
			isa = PBXTargetDependency;
			target = F9E70E031E997B8800DAE6B4 /* BasedVex */;
			targetProxy = F9E70E241E997B8900DAE6B4 /* PBXContainerItemProxy */;
		};
/* End PBXTargetDependency section */

/* Begin PBXVariantGroup section */
		F9E70E0B1E997B8900DAE6B4 /* Main.storyboard */ = {
			isa = PBXVariantGroup;
			children = (
				F9E70E0C1E997B8900DAE6B4 /* Base */,
			);
			name = Main.storyboard;
			sourceTree = "<group>";
		};
		F9E70E101E997B8900DAE6B4 /* LaunchScreen.storyboard */ = {
			isa = PBXVariantGroup;
			children = (
				F9E70E111E997B8900DAE6B4 /* Base */,
			);
			name = LaunchScreen.storyboard;
			sourceTree = "<group>";
		};
/* End PBXVariantGroup section */

/* Begin XCBuildConfiguration section */
		F9E70E2A1E997B8900DAE6B4 /* Debug */ = {
			isa = XCBuildConfiguration;
			buildSettings = {
				ALWAYS_SEARCH_USER_PATHS = NO;
				CLANG_ANALYZER_NONNULL = YES;
				CLANG_CXX_LANGUAGE_STANDARD = "gnu++0x";
				CLANG_CXX_LIBRARY = "libc++";
				CLANG_ENABLE_MODULES = YES;
				CLANG_ENABLE_OBJC_ARC = YES;
				CLANG_WARN_BOOL_CONVERSION = YES;
				CLANG_WARN_CONSTANT_CONVERSION = YES;
				CLANG_WARN_DIRECT_OBJC_ISA_USAGE = YES_ERROR;
				CLANG_WARN_DOCUMENTATION_COMMENTS = YES;
				CLANG_WARN_EMPTY_BODY = YES;
				CLANG_WARN_ENUM_CONVERSION = YES;
				CLANG_WARN_INFINITE_RECURSION = YES;
				CLANG_WARN_INT_CONVERSION = YES;
				CLANG_WARN_OBJC_ROOT_CLASS = YES_ERROR;
				CLANG_WARN_SUSPICIOUS_MOVE = YES;
				CLANG_WARN_UNREACHABLE_CODE = YES;
				CLANG_WARN__DUPLICATE_METHOD_MATCH = YES;
				"CODE_SIGN_IDENTITY[sdk=iphoneos*]" = "iPhone Developer";
				COPY_PHASE_STRIP = NO;
				DEBUG_INFORMATION_FORMAT = dwarf;
				ENABLE_STRICT_OBJC_MSGSEND = YES;
				ENABLE_TESTABILITY = YES;
				GCC_C_LANGUAGE_STANDARD = gnu99;
				GCC_DYNAMIC_NO_PIC = NO;
				GCC_NO_COMMON_BLOCKS = YES;
				GCC_OPTIMIZATION_LEVEL = 0;
				GCC_PREPROCESSOR_DEFINITIONS = (
					"DEBUG=1",
					"$(inherited)",
				);
				GCC_WARN_64_TO_32_BIT_CONVERSION = YES;
				GCC_WARN_ABOUT_RETURN_TYPE = YES_ERROR;
				GCC_WARN_UNDECLARED_SELECTOR = YES;
				GCC_WARN_UNINITIALIZED_AUTOS = YES_AGGRESSIVE;
				GCC_WARN_UNUSED_FUNCTION = YES;
				GCC_WARN_UNUSED_VARIABLE = YES;
				IPHONEOS_DEPLOYMENT_TARGET = 10.2;
				MTL_ENABLE_DEBUG_INFO = YES;
				ONLY_ACTIVE_ARCH = YES;
				SDKROOT = iphoneos;
				SWIFT_ACTIVE_COMPILATION_CONDITIONS = DEBUG;
				SWIFT_OPTIMIZATION_LEVEL = "-Onone";
				TARGETED_DEVICE_FAMILY = "1,2";
			};
			name = Debug;
		};
		F9E70E2B1E997B8900DAE6B4 /* Release */ = {
			isa = XCBuildConfiguration;
			buildSettings = {
				ALWAYS_SEARCH_USER_PATHS = NO;
				CLANG_ANALYZER_NONNULL = YES;
				CLANG_CXX_LANGUAGE_STANDARD = "gnu++0x";
				CLANG_CXX_LIBRARY = "libc++";
				CLANG_ENABLE_MODULES = YES;
				CLANG_ENABLE_OBJC_ARC = YES;
				CLANG_WARN_BOOL_CONVERSION = YES;
				CLANG_WARN_CONSTANT_CONVERSION = YES;
				CLANG_WARN_DIRECT_OBJC_ISA_USAGE = YES_ERROR;
				CLANG_WARN_DOCUMENTATION_COMMENTS = YES;
				CLANG_WARN_EMPTY_BODY = YES;
				CLANG_WARN_ENUM_CONVERSION = YES;
				CLANG_WARN_INFINITE_RECURSION = YES;
				CLANG_WARN_INT_CONVERSION = YES;
				CLANG_WARN_OBJC_ROOT_CLASS = YES_ERROR;
				CLANG_WARN_SUSPICIOUS_MOVE = YES;
				CLANG_WARN_UNREACHABLE_CODE = YES;
				CLANG_WARN__DUPLICATE_METHOD_MATCH = YES;
				"CODE_SIGN_IDENTITY[sdk=iphoneos*]" = "iPhone Developer";
				COPY_PHASE_STRIP = NO;
				DEBUG_INFORMATION_FORMAT = "dwarf-with-dsym";
				ENABLE_NS_ASSERTIONS = NO;
				ENABLE_STRICT_OBJC_MSGSEND = YES;
				GCC_C_LANGUAGE_STANDARD = gnu99;
				GCC_NO_COMMON_BLOCKS = YES;
				GCC_WARN_64_TO_32_BIT_CONVERSION = YES;
				GCC_WARN_ABOUT_RETURN_TYPE = YES_ERROR;
				GCC_WARN_UNDECLARED_SELECTOR = YES;
				GCC_WARN_UNINITIALIZED_AUTOS = YES_AGGRESSIVE;
				GCC_WARN_UNUSED_FUNCTION = YES;
				GCC_WARN_UNUSED_VARIABLE = YES;
				IPHONEOS_DEPLOYMENT_TARGET = 10.2;
				MTL_ENABLE_DEBUG_INFO = NO;
				SDKROOT = iphoneos;
				SWIFT_OPTIMIZATION_LEVEL = "-Owholemodule";
				TARGETED_DEVICE_FAMILY = "1,2";
				VALIDATE_PRODUCT = YES;
			};
			name = Release;
		};
		F9E70E2D1E997B8900DAE6B4 /* Debug */ = {
			isa = XCBuildConfiguration;
			baseConfigurationReference = 324DEA0746E275D3A6945EBF /* Pods-BasedVex.debug.xcconfig */;
			buildSettings = {
				ASSETCATALOG_COMPILER_APPICON_NAME = AppIcon;
				INFOPLIST_FILE = BasedVex/Info.plist;
				LD_RUNPATH_SEARCH_PATHS = "$(inherited) @executable_path/Frameworks";
				PRODUCT_BUNDLE_IDENTIFIER = Team5776T.BasedVex;
				PRODUCT_NAME = "$(TARGET_NAME)";
				SWIFT_VERSION = 3.0;
			};
			name = Debug;
		};
		F9E70E2E1E997B8900DAE6B4 /* Release */ = {
			isa = XCBuildConfiguration;
			baseConfigurationReference = 132FF802D6446A459BFAF1B8 /* Pods-BasedVex.release.xcconfig */;
			buildSettings = {
				ASSETCATALOG_COMPILER_APPICON_NAME = AppIcon;
				INFOPLIST_FILE = BasedVex/Info.plist;
				LD_RUNPATH_SEARCH_PATHS = "$(inherited) @executable_path/Frameworks";
				PRODUCT_BUNDLE_IDENTIFIER = Team5776T.BasedVex;
				PRODUCT_NAME = "$(TARGET_NAME)";
				SWIFT_VERSION = 3.0;
			};
			name = Release;
		};
		F9E70E301E997B8900DAE6B4 /* Debug */ = {
			isa = XCBuildConfiguration;
			baseConfigurationReference = 2C5C29945989C65EAEF67E05 /* Pods-BasedVexTests.debug.xcconfig */;
			buildSettings = {
				ALWAYS_EMBED_SWIFT_STANDARD_LIBRARIES = YES;
				BUNDLE_LOADER = "$(TEST_HOST)";
				INFOPLIST_FILE = BasedVexTests/Info.plist;
				LD_RUNPATH_SEARCH_PATHS = "$(inherited) @executable_path/Frameworks @loader_path/Frameworks";
				PRODUCT_BUNDLE_IDENTIFIER = Team5776T.BasedVexTests;
				PRODUCT_NAME = "$(TARGET_NAME)";
				SWIFT_VERSION = 3.0;
				TEST_HOST = "$(BUILT_PRODUCTS_DIR)/BasedVex.app/BasedVex";
			};
			name = Debug;
		};
		F9E70E311E997B8900DAE6B4 /* Release */ = {
			isa = XCBuildConfiguration;
			baseConfigurationReference = 945C68E62DF3BCE9C22E37DF /* Pods-BasedVexTests.release.xcconfig */;
			buildSettings = {
				ALWAYS_EMBED_SWIFT_STANDARD_LIBRARIES = YES;
				BUNDLE_LOADER = "$(TEST_HOST)";
				INFOPLIST_FILE = BasedVexTests/Info.plist;
				LD_RUNPATH_SEARCH_PATHS = "$(inherited) @executable_path/Frameworks @loader_path/Frameworks";
				PRODUCT_BUNDLE_IDENTIFIER = Team5776T.BasedVexTests;
				PRODUCT_NAME = "$(TARGET_NAME)";
				SWIFT_VERSION = 3.0;
				TEST_HOST = "$(BUILT_PRODUCTS_DIR)/BasedVex.app/BasedVex";
			};
			name = Release;
		};
		F9E70E331E997B8900DAE6B4 /* Debug */ = {
			isa = XCBuildConfiguration;
			baseConfigurationReference = 70F2B9923A501091898A1959 /* Pods-BasedVexUITests.debug.xcconfig */;
			buildSettings = {
				ALWAYS_EMBED_SWIFT_STANDARD_LIBRARIES = YES;
				INFOPLIST_FILE = BasedVexUITests/Info.plist;
				LD_RUNPATH_SEARCH_PATHS = "$(inherited) @executable_path/Frameworks @loader_path/Frameworks";
				PRODUCT_BUNDLE_IDENTIFIER = Team5776T.BasedVexUITests;
				PRODUCT_NAME = "$(TARGET_NAME)";
				SWIFT_VERSION = 3.0;
				TEST_TARGET_NAME = BasedVex;
			};
			name = Debug;
		};
		F9E70E341E997B8900DAE6B4 /* Release */ = {
			isa = XCBuildConfiguration;
			baseConfigurationReference = E653B328CA2B7FFA9279D6B3 /* Pods-BasedVexUITests.release.xcconfig */;
			buildSettings = {
				ALWAYS_EMBED_SWIFT_STANDARD_LIBRARIES = YES;
				INFOPLIST_FILE = BasedVexUITests/Info.plist;
				LD_RUNPATH_SEARCH_PATHS = "$(inherited) @executable_path/Frameworks @loader_path/Frameworks";
				PRODUCT_BUNDLE_IDENTIFIER = Team5776T.BasedVexUITests;
				PRODUCT_NAME = "$(TARGET_NAME)";
				SWIFT_VERSION = 3.0;
				TEST_TARGET_NAME = BasedVex;
			};
			name = Release;
		};
/* End XCBuildConfiguration section */

/* Begin XCConfigurationList section */
		F9E70DFF1E997B8800DAE6B4 /* Build configuration list for PBXProject "BasedVex" */ = {
			isa = XCConfigurationList;
			buildConfigurations = (
				F9E70E2A1E997B8900DAE6B4 /* Debug */,
				F9E70E2B1E997B8900DAE6B4 /* Release */,
			);
			defaultConfigurationIsVisible = 0;
			defaultConfigurationName = Release;
		};
		F9E70E2C1E997B8900DAE6B4 /* Build configuration list for PBXNativeTarget "BasedVex" */ = {
			isa = XCConfigurationList;
			buildConfigurations = (
				F9E70E2D1E997B8900DAE6B4 /* Debug */,
				F9E70E2E1E997B8900DAE6B4 /* Release */,
			);
			defaultConfigurationIsVisible = 0;
		};
		F9E70E2F1E997B8900DAE6B4 /* Build configuration list for PBXNativeTarget "BasedVexTests" */ = {
			isa = XCConfigurationList;
			buildConfigurations = (
				F9E70E301E997B8900DAE6B4 /* Debug */,
				F9E70E311E997B8900DAE6B4 /* Release */,
			);
			defaultConfigurationIsVisible = 0;
		};
		F9E70E321E997B8900DAE6B4 /* Build configuration list for PBXNativeTarget "BasedVexUITests" */ = {
			isa = XCConfigurationList;
			buildConfigurations = (
				F9E70E331E997B8900DAE6B4 /* Debug */,
				F9E70E341E997B8900DAE6B4 /* Release */,
			);
			defaultConfigurationIsVisible = 0;
		};
/* End XCConfigurationList section */
	};
	rootObject = F9E70DFC1E997B8800DAE6B4 /* Project object */;
}
